
Microsoft Visual Studio Solution File, Format Version 12.00
# Visual Studio Version 16
VisualStudioVersion = 16.0.29418.71
MinimumVisualStudioVersion = 10.0.40219.1
Project("{FAE04EC0-301F-11D3-BF4B-00C04F79EFBC}") = "RabbitMqDemos", "RabbitMqDemos\RabbitMqDemos.csproj", "{87D51390-79F9-42B4-8B7F-E4876F22B31D}"
EndProject
Project("{FAE04EC0-301F-11D3-BF4B-00C04F79EFBC}") = "RabbitMq_Engine", "RabbitMq_Engine\RabbitMq_Engine.csproj", "{A3B88535-0658-473F-BF85-1267509A8D44}"
EndProject
Global
	GlobalSection(SolutionConfigurationPlatforms) = preSolution
		Debug|Any CPU = Debug|Any CPU
		Release|Any CPU = Release|Any CPU
	EndGlobalSection
	GlobalSection(ProjectConfigurationPlatforms) = postSolution
		{87D51390-79F9-42B4-8B7F-E4876F22B31D}.Debug|Any CPU.ActiveCfg = Debug|Any CPU
		{87D51390-79F9-42B4-8B7F-E4876F22B31D}.Debug|Any CPU.Build.0 = Debug|Any CPU
		{87D51390-79F9-42B4-8B7F-E4876F22B31D}.Release|Any CPU.ActiveCfg = Release|Any CPU
		{87D51390-79F9-42B4-8B7F-E4876F22B31D}.Release|Any CPU.Build.0 = Release|Any CPU
		{A3B88535-0658-473F-BF85-1267509A8D44}.Debug|Any CPU.ActiveCfg = Debug|Any CPU
		{A3B88535-0658-473F-BF85-1267509A8D44}.Debug|Any CPU.Build.0 = Debug|Any CPU
		{A3B88535-0658-473F-BF85-1267509A8D44}.Release|Any CPU.ActiveCfg = Release|Any CPU
		{A3B88535-0658-473F-BF85-1267509A8D44}.Release|Any CPU.Build.0 = Release|Any CPU
	EndGlobalSection
	GlobalSection(SolutionProperties) = preSolution
		HideSolutionNode = FALSE
	EndGlobalSection
	GlobalSection(ExtensibilityGlobals) = postSolution
		SolutionGuid = {B590255F-B945-4910-92FA-B3A23025B5B9}
	EndGlobalSection
EndGlobal
